
Microsoft Visual Studio Solution File, Format Version 12.00
# Visual Studio 14
VisualStudioVersion = 14.0.25123.0
MinimumVisualStudioVersion = 10.0.40219.1
Project("{FAE04EC0-301F-11D3-BF4B-00C04F79EFBC}") = "NetDiff", "NetDiff\NetDiff.csproj", "{00A6267D-DDE3-42CC-9C99-9166C334053E}"
EndProject
Project("{FAE04EC0-301F-11D3-BF4B-00C04F79EFBC}") = "NetDiff.Test", "NetDiff.Test\NetDiff.Test.csproj", "{AAFA1775-1F46-4AA5-97D3-DE88D591828D}"
EndProject
Global
	GlobalSection(SolutionConfigurationPlatforms) = preSolution
		Debug|Any CPU = Debug|Any CPU
		Release|Any CPU = Release|Any CPU
	EndGlobalSection
	GlobalSection(ProjectConfigurationPlatforms) = postSolution
		{00A6267D-DDE3-42CC-9C99-9166C334053E}.Debug|Any CPU.ActiveCfg = Debug|Any CPU
		{00A6267D-DDE3-42CC-9C99-9166C334053E}.Debug|Any CPU.Build.0 = Debug|Any CPU
		{00A6267D-DDE3-42CC-9C99-9166C334053E}.Release|Any CPU.ActiveCfg = Release|Any CPU
		{00A6267D-DDE3-42CC-9C99-9166C334053E}.Release|Any CPU.Build.0 = Release|Any CPU
		{AAFA1775-1F46-4AA5-97D3-DE88D591828D}.Debug|Any CPU.ActiveCfg = Debug|Any CPU
		{AAFA1775-1F46-4AA5-97D3-DE88D591828D}.Debug|Any CPU.Build.0 = Debug|Any CPU
		{AAFA1775-1F46-4AA5-97D3-DE88D591828D}.Release|Any CPU.ActiveCfg = Release|Any CPU
		{AAFA1775-1F46-4AA5-97D3-DE88D591828D}.Release|Any CPU.Build.0 = Release|Any CPU
	EndGlobalSection
	GlobalSection(SolutionProperties) = preSolution
		HideSolutionNode = FALSE
	EndGlobalSection
EndGlobal
